// !$*UTF8*$!
{
	archiveVersion = 1;
	classes = {
	};
	objectVersion = 46;
	objects = {

/* Begin PBXBuildFile section */
		BA3185B71A68DD05009D1703 /* main.m in Sources */ = {isa = PBXBuildFile; fileRef = BA3185B61A68DD05009D1703 /* main.m */; };
		BA3185BA1A68DD05009D1703 /* AppDelegate.m in Sources */ = {isa = PBXBuildFile; fileRef = BA3185B91A68DD05009D1703 /* AppDelegate.m */; };
		BA3185BD1A68DD05009D1703 /* ViewController.m in Sources */ = {isa = PBXBuildFile; fileRef = BA3185BC1A68DD05009D1703 /* ViewController.m */; };
		BA3185C01A68DD05009D1703 /* Main.storyboard in Resources */ = {isa = PBXBuildFile; fileRef = BA3185BE1A68DD05009D1703 /* Main.storyboard */; };
		BA3185C21A68DD05009D1703 /* Images.xcassets in Resources */ = {isa = PBXBuildFile; fileRef = BA3185C11A68DD05009D1703 /* Images.xcassets */; };
		BA3185C51A68DD05009D1703 /* LaunchScreen.xib in Resources */ = {isa = PBXBuildFile; fileRef = BA3185C31A68DD05009D1703 /* LaunchScreen.xib */; };
		BA3185D11A68DD06009D1703 /* My_MuseumTests.m in Sources */ = {isa = PBXBuildFile; fileRef = BA3185D01A68DD06009D1703 /* My_MuseumTests.m */; };
		BA3185DC1A68ECAF009D1703 /* Student.m in Sources */ = {isa = PBXBuildFile; fileRef = BA3185DB1A68ECAF009D1703 /* Student.m */; };
		BA3185DF1A68F137009D1703 /* SeniorStudent.m in Sources */ = {isa = PBXBuildFile; fileRef = BA3185DE1A68F137009D1703 /* SeniorStudent.m */; };
		BA3185E11A690072009D1703 /* IMG_1299.JPG in Resources */ = {isa = PBXBuildFile; fileRef = BA3185E01A690072009D1703 /* IMG_1299.JPG */; };
/* End PBXBuildFile section */

/* Begin PBXContainerItemProxy section */
		BA3185CB1A68DD06009D1703 /* PBXContainerItemProxy */ = {
			isa = PBXContainerItemProxy;
			containerPortal = BA3185A91A68DD05009D1703 /* Project object */;
			proxyType = 1;
			remoteGlobalIDString = BA3185B01A68DD05009D1703;
			remoteInfo = "My Museum";
		};
/* End PBXContainerItemProxy section */

/* Begin PBXFileReference section */
		BA3185B11A68DD05009D1703 /* My Museum.app */ = {isa = PBXFileReference; explicitFileType = wrapper.application; includeInIndex = 0; path = "My Museum.app"; sourceTree = BUILT_PRODUCTS_DIR; };
		BA3185B51A68DD05009D1703 /* Info.plist */ = {isa = PBXFileReference; lastKnownFileType = text.plist.xml; path = Info.plist; sourceTree = "<group>"; };
		BA3185B61A68DD05009D1703 /* main.m */ = {isa = PBXFileReference; lastKnownFileType = sourcecode.c.objc; path = main.m; sourceTree = "<group>"; };
		BA3185B81A68DD05009D1703 /* AppDelegate.h */ = {isa = PBXFileReference; lastKnownFileType = sourcecode.c.h; path = AppDelegate.h; sourceTree = "<group>"; };
		BA3185B91A68DD05009D1703 /* AppDelegate.m */ = {isa = PBXFileReference; lastKnownFileType = sourcecode.c.objc; path = AppDelegate.m; sourceTree = "<group>"; };
		BA3185BB1A68DD05009D1703 /* ViewController.h */ = {isa = PBXFileReference; lastKnownFileType = sourcecode.c.h; path = ViewController.h; sourceTree = "<group>"; };
		BA3185BC1A68DD05009D1703 /* ViewController.m */ = {isa = PBXFileReference; lastKnownFileType = sourcecode.c.objc; path = ViewController.m; sourceTree = "<group>"; };
		BA3185BF1A68DD05009D1703 /* Base */ = {isa = PBXFileReference; lastKnownFileType = file.storyboard; name = Base; path = Base.lproj/Main.storyboard; sourceTree = "<group>"; };
		BA3185C11A68DD05009D1703 /* Images.xcassets */ = {isa = PBXFileReference; lastKnownFileType = folder.assetcatalog; path = Images.xcassets; sourceTree = "<group>"; };
		BA3185C41A68DD05009D1703 /* Base */ = {isa = PBXFileReference; lastKnownFileType = file.xib; name = Base; path = Base.lproj/LaunchScreen.xib; sourceTree = "<group>"; };
		BA3185CA1A68DD06009D1703 /* My MuseumTests.xctest */ = {isa = PBXFileReference; explicitFileType = wrapper.cfbundle; includeInIndex = 0; path = "My MuseumTests.xctest"; sourceTree = BUILT_PRODUCTS_DIR; };
		BA3185CF1A68DD06009D1703 /* Info.plist */ = {isa = PBXFileReference; lastKnownFileType = text.plist.xml; path = Info.plist; sourceTree = "<group>"; };
		BA3185D01A68DD06009D1703 /* My_MuseumTests.m */ = {isa = PBXFileReference; lastKnownFileType = sourcecode.c.objc; path = My_MuseumTests.m; sourceTree = "<group>"; };
		BA3185DA1A68ECAF009D1703 /* Student.h */ = {isa = PBXFileReference; fileEncoding = 4; lastKnownFileType = sourcecode.c.h; path = Student.h; sourceTree = "<group>"; };
		BA3185DB1A68ECAF009D1703 /* Student.m */ = {isa = PBXFileReference; fileEncoding = 4; lastKnownFileType = sourcecode.c.objc; path = Student.m; sourceTree = "<group>"; };
		BA3185DD1A68F137009D1703 /* SeniorStudent.h */ = {isa = PBXFileReference; fileEncoding = 4; lastKnownFileType = sourcecode.c.h; path = SeniorStudent.h; sourceTree = "<group>"; };
		BA3185DE1A68F137009D1703 /* SeniorStudent.m */ = {isa = PBXFileReference; fileEncoding = 4; lastKnownFileType = sourcecode.c.objc; path = SeniorStudent.m; sourceTree = "<group>"; };
		BA3185E01A690072009D1703 /* IMG_1299.JPG */ = {isa = PBXFileReference; lastKnownFileType = image.jpeg; path = IMG_1299.JPG; sourceTree = "<group>"; };
/* End PBXFileReference section */

/* Begin PBXFrameworksBuildPhase section */
		BA3185AE1A68DD05009D1703 /* Frameworks */ = {
			isa = PBXFrameworksBuildPhase;
			buildActionMask = 2147483647;
			files = (
			);
			runOnlyForDeploymentPostprocessing = 0;
		};
		BA3185C71A68DD06009D1703 /* Frameworks */ = {
			isa = PBXFrameworksBuildPhase;
			buildActionMask = 2147483647;
			files = (
			);
			runOnlyForDeploymentPostprocessing = 0;
		};
/* End PBXFrameworksBuildPhase section */

/* Begin PBXGroup section */
		BA3185A81A68DD05009D1703 = {
			isa = PBXGroup;
			children = (
				BA3185B31A68DD05009D1703 /* My Museum */,
				BA3185CD1A68DD06009D1703 /* My MuseumTests */,
				BA3185B21A68DD05009D1703 /* Products */,
			);
			sourceTree = "<group>";
		};
		BA3185B21A68DD05009D1703 /* Products */ = {
			isa = PBXGroup;
			children = (
				BA3185B11A68DD05009D1703 /* My Museum.app */,
				BA3185CA1A68DD06009D1703 /* My MuseumTests.xctest */,
			);
			name = Products;
			sourceTree = "<group>";
		};
		BA3185B31A68DD05009D1703 /* My Museum */ = {
			isa = PBXGroup;
			children = (
				BA3185B81A68DD05009D1703 /* AppDelegate.h */,
				BA3185B91A68DD05009D1703 /* AppDelegate.m */,
				BA3185BB1A68DD05009D1703 /* ViewController.h */,
				BA3185BC1A68DD05009D1703 /* ViewController.m */,
				BA3185DA1A68ECAF009D1703 /* Student.h */,
				BA3185DB1A68ECAF009D1703 /* Student.m */,
				BA3185DD1A68F137009D1703 /* SeniorStudent.h */,
				BA3185DE1A68F137009D1703 /* SeniorStudent.m */,
				BA3185BE1A68DD05009D1703 /* Main.storyboard */,
				BA3185C11A68DD05009D1703 /* Images.xcassets */,
				BA3185C31A68DD05009D1703 /* LaunchScreen.xib */,
				BA3185B41A68DD05009D1703 /* Supporting Files */,
			);
			path = "My Museum";
			sourceTree = "<group>";
		};
		BA3185B41A68DD05009D1703 /* Supporting Files */ = {
			isa = PBXGroup;
			children = (
				BA3185E01A690072009D1703 /* IMG_1299.JPG */,
				BA3185B51A68DD05009D1703 /* Info.plist */,
				BA3185B61A68DD05009D1703 /* main.m */,
			);
			name = "Supporting Files";
			sourceTree = "<group>";
		};
		BA3185CD1A68DD06009D1703 /* My MuseumTests */ = {
			isa = PBXGroup;
			children = (
				BA3185D01A68DD06009D1703 /* My_MuseumTests.m */,
				BA3185CE1A68DD06009D1703 /* Supporting Files */,
			);
			path = "My MuseumTests";
			sourceTree = "<group>";
		};
		BA3185CE1A68DD06009D1703 /* Supporting Files */ = {
			isa = PBXGroup;
			children = (
				BA3185CF1A68DD06009D1703 /* Info.plist */,
			);
			name = "Supporting Files";
			sourceTree = "<group>";
		};
/* End PBXGroup section */

/* Begin PBXNativeTarget section */
		BA3185B01A68DD05009D1703 /* My Museum */ = {
			isa = PBXNativeTarget;
			buildConfigurationList = BA3185D41A68DD06009D1703 /* Build configuration list for PBXNativeTarget "My Museum" */;
			buildPhases = (
				BA3185AD1A68DD05009D1703 /* Sources */,
				BA3185AE1A68DD05009D1703 /* Frameworks */,
				BA3185AF1A68DD05009D1703 /* Resources */,
			);
			buildRules = (
			);
			dependencies = (
			);
			name = "My Museum";
			productName = "My Museum";
			productReference = BA3185B11A68DD05009D1703 /* My Museum.app */;
			productType = "com.apple.product-type.application";
		};
		BA3185C91A68DD06009D1703 /* My MuseumTests */ = {
			isa = PBXNativeTarget;
			buildConfigurationList = BA3185D71A68DD06009D1703 /* Build configuration list for PBXNativeTarget "My MuseumTests" */;
			buildPhases = (
				BA3185C61A68DD06009D1703 /* Sources */,
				BA3185C71A68DD06009D1703 /* Frameworks */,
				BA3185C81A68DD06009D1703 /* Resources */,
			);
			buildRules = (
			);
			dependencies = (
				BA3185CC1A68DD06009D1703 /* PBXTargetDependency */,
			);
			name = "My MuseumTests";
			productName = "My MuseumTests";
			productReference = BA3185CA1A68DD06009D1703 /* My MuseumTests.xctest */;
			productType = "com.apple.product-type.bundle.unit-test";
		};
/* End PBXNativeTarget section */

/* Begin PBXProject section */
		BA3185A91A68DD05009D1703 /* Project object */ = {
			isa = PBXProject;
			attributes = {
				LastUpgradeCheck = 0610;
				ORGANIZATIONNAME = "Hsiao Allen";
				TargetAttributes = {
					BA3185B01A68DD05009D1703 = {
						CreatedOnToolsVersion = 6.1.1;
					};
					BA3185C91A68DD06009D1703 = {
						CreatedOnToolsVersion = 6.1.1;
						TestTargetID = BA3185B01A68DD05009D1703;
					};
				};
			};
			buildConfigurationList = BA3185AC1A68DD05009D1703 /* Build configuration list for PBXProject "My Museum" */;
			compatibilityVersion = "Xcode 3.2";
			developmentRegion = English;
			hasScannedForEncodings = 0;
			knownRegions = (
				en,
				Base,
			);
			mainGroup = BA3185A81A68DD05009D1703;
			productRefGroup = BA3185B21A68DD05009D1703 /* Products */;
			projectDirPath = "";
			projectRoot = "";
			targets = (
				BA3185B01A68DD05009D1703 /* My Museum */,
				BA3185C91A68DD06009D1703 /* My MuseumTests */,
			);
		};
/* End PBXProject section */

/* Begin PBXResourcesBuildPhase section */
		BA3185AF1A68DD05009D1703 /* Resources */ = {
			isa = PBXResourcesBuildPhase;
			buildActionMask = 2147483647;
			files = (
				BA3185E11A690072009D1703 /* IMG_1299.JPG in Resources */,
				BA3185C01A68DD05009D1703 /* Main.storyboard in Resources */,
				BA3185C51A68DD05009D1703 /* LaunchScreen.xib in Resources */,
				BA3185C21A68DD05009D1703 /* Images.xcassets in Resources */,
			);
			runOnlyForDeploymentPostprocessing = 0;
		};
		BA3185C81A68DD06009D1703 /* Resources */ = {
			isa = PBXResourcesBuildPhase;
			buildActionMask = 2147483647;
			files = (
			);
			runOnlyForDeploymentPostprocessing = 0;
		};
/* End PBXResourcesBuildPhase section */

/* Begin PBXSourcesBuildPhase section */
		BA3185AD1A68DD05009D1703 /* Sources */ = {
			isa = PBXSourcesBuildPhase;
			buildActionMask = 2147483647;
			files = (
				BA3185BD1A68DD05009D1703 /* ViewController.m in Sources */,
				BA3185BA1A68DD05009D1703 /* AppDelegate.m in Sources */,
				BA3185B71A68DD05009D1703 /* main.m in Sources */,
				BA3185DF1A68F137009D1703 /* SeniorStudent.m in Sources */,
				BA3185DC1A68ECAF009D1703 /* Student.m in Sources */,
			);
			runOnlyForDeploymentPostprocessing = 0;
		};
		BA3185C61A68DD06009D1703 /* Sources */ = {
			isa = PBXSourcesBuildPhase;
			buildActionMask = 2147483647;
			files = (
				BA3185D11A68DD06009D1703 /* My_MuseumTests.m in Sources */,
			);
			runOnlyForDeploymentPostprocessing = 0;
		};
/* End PBXSourcesBuildPhase section */

/* Begin PBXTargetDependency section */
		BA3185CC1A68DD06009D1703 /* PBXTargetDependency */ = {
			isa = PBXTargetDependency;
			target = BA3185B01A68DD05009D1703 /* My Museum */;
			targetProxy = BA3185CB1A68DD06009D1703 /* PBXContainerItemProxy */;
		};
/* End PBXTargetDependency section */

/* Begin PBXVariantGroup section */
		BA3185BE1A68DD05009D1703 /* Main.storyboard */ = {
			isa = PBXVariantGroup;
			children = (
				BA3185BF1A68DD05009D1703 /* Base */,
			);
			name = Main.storyboard;
			sourceTree = "<group>";
		};
		BA3185C31A68DD05009D1703 /* LaunchScreen.xib */ = {
			isa = PBXVariantGroup;
			children = (
				BA3185C41A68DD05009D1703 /* Base */,
			);
			name = LaunchScreen.xib;
			sourceTree = "<group>";
		};
/* End PBXVariantGroup section */

/* Begin XCBuildConfiguration section */
		BA3185D21A68DD06009D1703 /* Debug */ = {
			isa = XCBuildConfiguration;
			buildSettings = {
				ALWAYS_SEARCH_USER_PATHS = NO;
				CLANG_CXX_LANGUAGE_STANDARD = "gnu++0x";
				CLANG_CXX_LIBRARY = "libc++";
				CLANG_ENABLE_MODULES = YES;
				CLANG_ENABLE_OBJC_ARC = YES;
				CLANG_WARN_BOOL_CONVERSION = YES;
				CLANG_WARN_CONSTANT_CONVERSION = YES;
				CLANG_WARN_DIRECT_OBJC_ISA_USAGE = YES_ERROR;
				CLANG_WARN_EMPTY_BODY = YES;
				CLANG_WARN_ENUM_CONVERSION = YES;
				CLANG_WARN_INT_CONVERSION = YES;
				CLANG_WARN_OBJC_ROOT_CLASS = YES_ERROR;
				CLANG_WARN_UNREACHABLE_CODE = YES;
				CLANG_WARN__DUPLICATE_METHOD_MATCH = YES;
				"CODE_SIGN_IDENTITY[sdk=iphoneos*]" = "iPhone Developer";
				COPY_PHASE_STRIP = NO;
				ENABLE_STRICT_OBJC_MSGSEND = YES;
				GCC_C_LANGUAGE_STANDARD = gnu99;
				GCC_DYNAMIC_NO_PIC = NO;
				GCC_OPTIMIZATION_LEVEL = 0;
				GCC_PREPROCESSOR_DEFINITIONS = (
					"DEBUG=1",
					"$(inherited)",
				);
				GCC_SYMBOLS_PRIVATE_EXTERN = NO;
				GCC_WARN_64_TO_32_BIT_CONVERSION = YES;
				GCC_WARN_ABOUT_RETURN_TYPE = YES_ERROR;
				GCC_WARN_UNDECLARED_SELECTOR = YES;
				GCC_WARN_UNINITIALIZED_AUTOS = YES_AGGRESSIVE;
				GCC_WARN_UNUSED_FUNCTION = YES;
				GCC_WARN_UNUSED_VARIABLE = YES;
				IPHONEOS_DEPLOYMENT_TARGET = 8.1;
				MTL_ENABLE_DEBUG_INFO = YES;
				ONLY_ACTIVE_ARCH = YES;
				SDKROOT = iphoneos;
				TARGETED_DEVICE_FAMILY = "1,2";
			};
			name = Debug;
		};
		BA3185D31A68DD06009D1703 /* Release */ = {
			isa = XCBuildConfiguration;
			buildSettings = {
				ALWAYS_SEARCH_USER_PATHS = NO;
				CLANG_CXX_LANGUAGE_STANDARD = "gnu++0x";
				CLANG_CXX_LIBRARY = "libc++";
				CLANG_ENABLE_MODULES = YES;
				CLANG_ENABLE_OBJC_ARC = YES;
				CLANG_WARN_BOOL_CONVERSION = YES;
				CLANG_WARN_CONSTANT_CONVERSION = YES;
				CLANG_WARN_DIRECT_OBJC_ISA_USAGE = YES_ERROR;
				CLANG_WARN_EMPTY_BODY = YES;
				CLANG_WARN_ENUM_CONVERSION = YES;
				CLANG_WARN_INT_CONVERSION = YES;
				CLANG_WARN_OBJC_ROOT_CLASS = YES_ERROR;
				CLANG_WARN_UNREACHABLE_CODE = YES;
				CLANG_WARN__DUPLICATE_METHOD_MATCH = YES;
				"CODE_SIGN_IDENTITY[sdk=iphoneos*]" = "iPhone Developer";
				COPY_PHASE_STRIP = YES;
				ENABLE_NS_ASSERTIONS = NO;
				ENABLE_STRICT_OBJC_MSGSEND = YES;
				GCC_C_LANGUAGE_STANDARD = gnu99;
				GCC_WARN_64_TO_32_BIT_CONVERSION = YES;
				GCC_WARN_ABOUT_RETURN_TYPE = YES_ERROR;
				GCC_WARN_UNDECLARED_SELECTOR = YES;
				GCC_WARN_UNINITIALIZED_AUTOS = YES_AGGRESSIVE;
				GCC_WARN_UNUSED_FUNCTION = YES;
				GCC_WARN_UNUSED_VARIABLE = YES;
				IPHONEOS_DEPLOYMENT_TARGET = 8.1;
				MTL_ENABLE_DEBUG_INFO = NO;
				SDKROOT = iphoneos;
				TARGETED_DEVICE_FAMILY = "1,2";
				VALIDATE_PRODUCT = YES;
			};
			name = Release;
		};
		BA3185D51A68DD06009D1703 /* Debug */ = {
			isa = XCBuildConfiguration;
			buildSettings = {
				ASSETCATALOG_COMPILER_APPICON_NAME = AppIcon;
				INFOPLIST_FILE = "My Museum/Info.plist";
				IPHONEOS_DEPLOYMENT_TARGET = 8.0;
				LD_RUNPATH_SEARCH_PATHS = "$(inherited) @executable_path/Frameworks";
				PRODUCT_NAME = "$(TARGET_NAME)";
			};
			name = Debug;
		};
		BA3185D61A68DD06009D1703 /* Release */ = {
			isa = XCBuildConfiguration;
			buildSettings = {
				ASSETCATALOG_COMPILER_APPICON_NAME = AppIcon;
				INFOPLIST_FILE = "My Museum/Info.plist";
				IPHONEOS_DEPLOYMENT_TARGET = 8.0;
				LD_RUNPATH_SEARCH_PATHS = "$(inherited) @executable_path/Frameworks";
				PRODUCT_NAME = "$(TARGET_NAME)";
			};
			name = Release;
		};
		BA3185D81A68DD06009D1703 /* Debug */ = {
			isa = XCBuildConfiguration;
			buildSettings = {
				BUNDLE_LOADER = "$(TEST_HOST)";
				FRAMEWORK_SEARCH_PATHS = (
					"$(SDKROOT)/Developer/Library/Frameworks",
					"$(inherited)",
				);
				GCC_PREPROCESSOR_DEFINITIONS = (
					"DEBUG=1",
					"$(inherited)",
				);
				INFOPLIST_FILE = "My MuseumTests/Info.plist";
				LD_RUNPATH_SEARCH_PATHS = "$(inherited) @executable_path/Frameworks @loader_path/Frameworks";
				PRODUCT_NAME = "$(TARGET_NAME)";
				TEST_HOST = "$(BUILT_PRODUCTS_DIR)/My Museum.app/My Museum";
			};
			name = Debug;
		};
		BA3185D91A68DD06009D1703 /* Release */ = {
			isa = XCBuildConfiguration;
			buildSettings = {
				BUNDLE_LOADER = "$(TEST_HOST)";
				FRAMEWORK_SEARCH_PATHS = (
					"$(SDKROOT)/Developer/Library/Frameworks",
					"$(inherited)",
				);
				INFOPLIST_FILE = "My MuseumTests/Info.plist";
				LD_RUNPATH_SEARCH_PATHS = "$(inherited) @executable_path/Frameworks @loader_path/Frameworks";
				PRODUCT_NAME = "$(TARGET_NAME)";
				TEST_HOST = "$(BUILT_PRODUCTS_DIR)/My Museum.app/My Museum";
			};
			name = Release;
		};
/* End XCBuildConfiguration section */

/* Begin XCConfigurationList section */
		BA3185AC1A68DD05009D1703 /* Build configuration list for PBXProject "My Museum" */ = {
			isa = XCConfigurationList;
			buildConfigurations = (
				BA3185D21A68DD06009D1703 /* Debug */,
				BA3185D31A68DD06009D1703 /* Release */,
			);
			defaultConfigurationIsVisible = 0;
			defaultConfigurationName = Release;
		};
		BA3185D41A68DD06009D1703 /* Build configuration list for PBXNativeTarget "My Museum" */ = {
			isa = XCConfigurationList;
			buildConfigurations = (
				BA3185D51A68DD06009D1703 /* Debug */,
				BA3185D61A68DD06009D1703 /* Release */,
			);
			defaultConfigurationIsVisible = 0;
		};
		BA3185D71A68DD06009D1703 /* Build configuration list for PBXNativeTarget "My MuseumTests" */ = {
			isa = XCConfigurationList;
			buildConfigurations = (
				BA3185D81A68DD06009D1703 /* Debug */,
				BA3185D91A68DD06009D1703 /* Release */,
			);
			defaultConfigurationIsVisible = 0;
		};
/* End XCConfigurationList section */
	};
	rootObject = BA3185A91A68DD05009D1703 /* Project object */;
}
